
Microsoft Visual Studio Solution File, Format Version 12.00
# Visual Studio Version 16
VisualStudioVersion = 16.0.31321.278
MinimumVisualStudioVersion = 10.0.40219.1
Project("{888888A0-9F3D-457C-B088-3A5042F75D52}") = "teste_python", "teste_python\teste_python.pyproj", "{7BABA4FF-0537-43EC-B685-73C1A0360095}"
EndProject
Global
	GlobalSection(SolutionConfigurationPlatforms) = preSolution
		Debug|Any CPU = Debug|Any CPU
		Release|Any CPU = Release|Any CPU
	EndGlobalSection
	GlobalSection(ProjectConfigurationPlatforms) = postSolution
		{7BABA4FF-0537-43EC-B685-73C1A0360095}.Debug|Any CPU.ActiveCfg = Debug|Any CPU
		{7BABA4FF-0537-43EC-B685-73C1A0360095}.Release|Any CPU.ActiveCfg = Release|Any CPU
	EndGlobalSection
	GlobalSection(SolutionProperties) = preSolution
		HideSolutionNode = FALSE
	EndGlobalSection
	GlobalSection(ExtensibilityGlobals) = postSolution
		SolutionGuid = {49741E03-AE5A-4221-8505-0072F74778D0}
	EndGlobalSection
EndGlobal
